
Microsoft Visual Studio Solution File, Format Version 12.00
# Visual Studio Version 16
VisualStudioVersion = 16.0.31105.61
MinimumVisualStudioVersion = 10.0.40219.1
Project("{9A19103F-16F7-4668-BE54-9A1E7A4F7556}") = "FastXL", "FastXL\FastXL.csproj", "{ACB15CC3-D227-48FE-BEBB-4A9D31F830AC}"
EndProject
Project("{9A19103F-16F7-4668-BE54-9A1E7A4F7556}") = "FastXL.Tests", "FastXL.Tests\FastXL.Tests.csproj", "{C71A5D6A-240A-41C2-9E28-E3B2A58879BA}"
EndProject
Project("{FAE04EC0-301F-11D3-BF4B-00C04F79EFBC}") = "ClassLibrary1", "ClassLibrary1\ClassLibrary1.csproj", "{30900EAB-ABC8-450E-9D38-427239EABE8E}"
EndProject
Global
	GlobalSection(SolutionConfigurationPlatforms) = preSolution
		Debug|Any CPU = Debug|Any CPU
		Release|Any CPU = Release|Any CPU
	EndGlobalSection
	GlobalSection(ProjectConfigurationPlatforms) = postSolution
		{ACB15CC3-D227-48FE-BEBB-4A9D31F830AC}.Debug|Any CPU.ActiveCfg = Debug|Any CPU
		{ACB15CC3-D227-48FE-BEBB-4A9D31F830AC}.Debug|Any CPU.Build.0 = Debug|Any CPU
		{ACB15CC3-D227-48FE-BEBB-4A9D31F830AC}.Release|Any CPU.ActiveCfg = Release|Any CPU
		{ACB15CC3-D227-48FE-BEBB-4A9D31F830AC}.Release|Any CPU.Build.0 = Release|Any CPU
		{C71A5D6A-240A-41C2-9E28-E3B2A58879BA}.Debug|Any CPU.ActiveCfg = Debug|Any CPU
		{C71A5D6A-240A-41C2-9E28-E3B2A58879BA}.Debug|Any CPU.Build.0 = Debug|Any CPU
		{C71A5D6A-240A-41C2-9E28-E3B2A58879BA}.Release|Any CPU.ActiveCfg = Release|Any CPU
		{C71A5D6A-240A-41C2-9E28-E3B2A58879BA}.Release|Any CPU.Build.0 = Release|Any CPU
		{30900EAB-ABC8-450E-9D38-427239EABE8E}.Debug|Any CPU.ActiveCfg = Debug|Any CPU
		{30900EAB-ABC8-450E-9D38-427239EABE8E}.Debug|Any CPU.Build.0 = Debug|Any CPU
		{30900EAB-ABC8-450E-9D38-427239EABE8E}.Release|Any CPU.ActiveCfg = Release|Any CPU
		{30900EAB-ABC8-450E-9D38-427239EABE8E}.Release|Any CPU.Build.0 = Release|Any CPU
	EndGlobalSection
	GlobalSection(SolutionProperties) = preSolution
		HideSolutionNode = FALSE
	EndGlobalSection
	GlobalSection(ExtensibilityGlobals) = postSolution
		SolutionGuid = {D755B841-09F8-45F2-ADFE-C95AEDAF646B}
	EndGlobalSection
EndGlobal
